github.com/PaulSonOfLars/gotgbot/v2 v2.0.0-rc.32 h1:+YzI72wzNTcaPUDVcSxeYQdHfvEk8mPGZh/yTk5kkRg=
github.com/PaulSonOfLars/gotgbot/v2 v2.0.0-rc.32/go.mod h1:BSzsfjlE0wakLw2/U1FtO8rdVt+Z+4VyoGo/YcGD9QQ=
github.com/go-viper/mapstructure/v2 v2.2.1 h1:ZAaOCxANMuZx5RCeg0mBdEZk7DZasvvZIxtHqx8aGss=
github.com/go-viper/mapstructure/v2 v2.2.1/go.mod h1:oJDH3BJKyqBA2TXFhDsKDGDTlndYOZ6rGS0BRZIxGhM=
