github.com/PaulSonOfLars/gotgbot/v2 v2.0.0-rc.23 h1:gfa4qPLiGemeBgQDEFH4s8N9HcS+5o+V/4ycmB35c1Y=
github.com/PaulSonOfLars/gotgbot/v2 v2.0.0-rc.23/go.mod h1:kL1v4iIjlalwm3gCYGvF4NLa3hs+aKEfRkNJvj4aoDU=
github.com/go-viper/mapstructure/v2 v2.0.0-alpha.1 h1:TQcrn6Wq+sKGkpyPvppOz99zsMBaUOKXq6HSv655U1c=
github.com/go-viper/mapstructure/v2 v2.0.0-alpha.1/go.mod h1:oJDH3BJKyqBA2TXFhDsKDGDTlndYOZ6rGS0BRZIxGhM=
