github.com/PaulSonOfLars/gotgbot/v2 v2.0.0-rc.23 h1:gfa4qPLiGemeBgQDEFH4s8N9HcS+5o+V/4ycmB35c1Y=
github.com/PaulSonOfLars/gotgbot/v2 v2.0.0-rc.23/go.mod h1:kL1v4iIjlalwm3gCYGvF4NLa3hs+aKEfRkNJvj4aoDU=
github.com/mitchellh/mapstructure v1.5.0 h1:jeMsZIYE/09sWLaz43PL7Gy6RuMjD2eJVyuac5Z2hdY=
github.com/mitchellh/mapstructure v1.5.0/go.mod h1:bFUtVrKA4DC2yAKiSyO/QUcy7e+RRV2QTWOzhPopBRo=
